
Microsoft Visual Studio Solution File, Format Version 12.00
# Visual Studio Version 16
VisualStudioVersion = 16.0.31729.503
MinimumVisualStudioVersion = 10.0.40219.1
Project("{9A19103F-16F7-4668-BE54-9A1E7A4F7556}") = "FM.Domain", "FinancialManager.Domain\FM.Domain.csproj", "{D5226723-616B-4D86-B14B-05477779F7ED}"
EndProject
Project("{9A19103F-16F7-4668-BE54-9A1E7A4F7556}") = "FM.Domain.Tests", "FinancialManager.Domain.Tests\FM.Domain.Tests.csproj", "{C921720E-E416-4035-8E42-B64CDCEA39F9}"
EndProject
Project("{FAE04EC0-301F-11D3-BF4B-00C04F79EFBC}") = "FM.Infrastrucuture", "FinancialMager.Infrastrucuture\FM.Infrastrucuture.csproj", "{4A4093BA-7D88-4BF0-B9A7-47D5A242BD21}"
EndProject
Global
	GlobalSection(SolutionConfigurationPlatforms) = preSolution
		Debug|Any CPU = Debug|Any CPU
		Release|Any CPU = Release|Any CPU
	EndGlobalSection
	GlobalSection(ProjectConfigurationPlatforms) = postSolution
		{D5226723-616B-4D86-B14B-05477779F7ED}.Debug|Any CPU.ActiveCfg = Debug|Any CPU
		{D5226723-616B-4D86-B14B-05477779F7ED}.Debug|Any CPU.Build.0 = Debug|Any CPU
		{D5226723-616B-4D86-B14B-05477779F7ED}.Release|Any CPU.ActiveCfg = Release|Any CPU
		{D5226723-616B-4D86-B14B-05477779F7ED}.Release|Any CPU.Build.0 = Release|Any CPU
		{C921720E-E416-4035-8E42-B64CDCEA39F9}.Debug|Any CPU.ActiveCfg = Debug|Any CPU
		{C921720E-E416-4035-8E42-B64CDCEA39F9}.Debug|Any CPU.Build.0 = Debug|Any CPU
		{C921720E-E416-4035-8E42-B64CDCEA39F9}.Release|Any CPU.ActiveCfg = Release|Any CPU
		{C921720E-E416-4035-8E42-B64CDCEA39F9}.Release|Any CPU.Build.0 = Release|Any CPU
		{4A4093BA-7D88-4BF0-B9A7-47D5A242BD21}.Debug|Any CPU.ActiveCfg = Debug|Any CPU
		{4A4093BA-7D88-4BF0-B9A7-47D5A242BD21}.Debug|Any CPU.Build.0 = Debug|Any CPU
		{4A4093BA-7D88-4BF0-B9A7-47D5A242BD21}.Release|Any CPU.ActiveCfg = Release|Any CPU
		{4A4093BA-7D88-4BF0-B9A7-47D5A242BD21}.Release|Any CPU.Build.0 = Release|Any CPU
	EndGlobalSection
	GlobalSection(SolutionProperties) = preSolution
		HideSolutionNode = FALSE
	EndGlobalSection
	GlobalSection(ExtensibilityGlobals) = postSolution
		SolutionGuid = {7AC3795A-C061-4A2D-B13C-F0CFC3E112F8}
	EndGlobalSection
EndGlobal
